// !$*UTF8*$!
{
	archiveVersion = 1;
	classes = {
	};
	objectVersion = 56;
	objects = {

/* Begin PBXBuildFile section */
		52E46EF92E8A170B00E8638A /* AICodeXApp.swift in Sources */ = {isa = PBXBuildFile; fileRef = 52E46EF82E8A170B00E8638A /* AICodeXApp.swift */; };
		52E46EFB2E8A170B00E8638A /* ContentView.swift in Sources */ = {isa = PBXBuildFile; fileRef = 52E46EFA2E8A170B00E8638A /* ContentView.swift */; };
		52E46EFD2E8A171200E8638A /* Assets.xcassets in Resources */ = {isa = PBXBuildFile; fileRef = 52E46EFC2E8A171200E8638A /* Assets.xcassets */; };
		52E46F002E8A171200E8638A /* Preview Assets.xcassets in Resources */ = {isa = PBXBuildFile; fileRef = 52E46EFF2E8A171200E8638A /* Preview Assets.xcassets */; };
		52E46F0A2E8A171300E8638A /* AICodeXTests.swift in Sources */ = {isa = PBXBuildFile; fileRef = 52E46F092E8A171300E8638A /* AICodeXTests.swift */; };
		52E46F142E8A171300E8638A /* AICodeXUITests.swift in Sources */ = {isa = PBXBuildFile; fileRef = 52E46F132E8A171300E8638A /* AICodeXUITests.swift */; };
		52E46F162E8A171300E8638A /* AICodeXUITestsLaunchTests.swift in Sources */ = {isa = PBXBuildFile; fileRef = 52E46F152E8A171300E8638A /* AICodeXUITestsLaunchTests.swift */; };
		52E46F252E8A172E00E8638A /* ComponentLibraryHomeView.swift in Sources */ = {isa = PBXBuildFile; fileRef = 52E46F242E8A172E00E8638A /* ComponentLibraryHomeView.swift */; };
/* End PBXBuildFile section */

/* Begin PBXContainerItemProxy section */
		52E46F062E8A171300E8638A /* PBXContainerItemProxy */ = {
			isa = PBXContainerItemProxy;
			containerPortal = 52E46EED2E8A170B00E8638A /* Project object */;
			proxyType = 1;
			remoteGlobalIDString = 52E46EF42E8A170B00E8638A;
			remoteInfo = AICodeX;
		};
		52E46F102E8A171300E8638A /* PBXContainerItemProxy */ = {
			isa = PBXContainerItemProxy;
			containerPortal = 52E46EED2E8A170B00E8638A /* Project object */;
			proxyType = 1;
			remoteGlobalIDString = 52E46EF42E8A170B00E8638A;
			remoteInfo = AICodeX;
		};
/* End PBXContainerItemProxy section */

/* Begin PBXFileReference section */
		52E46EF52E8A170B00E8638A /* AICodeX.app */ = {isa = PBXFileReference; explicitFileType = wrapper.application; includeInIndex = 0; path = AICodeX.app; sourceTree = BUILT_PRODUCTS_DIR; };
		52E46EF82E8A170B00E8638A /* AICodeXApp.swift */ = {isa = PBXFileReference; lastKnownFileType = sourcecode.swift; path = AICodeXApp.swift; sourceTree = "<group>"; };
		52E46EFA2E8A170B00E8638A /* ContentView.swift */ = {isa = PBXFileReference; lastKnownFileType = sourcecode.swift; path = ContentView.swift; sourceTree = "<group>"; };
		52E46EFC2E8A171200E8638A /* Assets.xcassets */ = {isa = PBXFileReference; lastKnownFileType = folder.assetcatalog; path = Assets.xcassets; sourceTree = "<group>"; };
		52E46EFF2E8A171200E8638A /* Preview Assets.xcassets */ = {isa = PBXFileReference; lastKnownFileType = folder.assetcatalog; path = "Preview Assets.xcassets"; sourceTree = "<group>"; };
		52E46F052E8A171300E8638A /* AICodeXTests.xctest */ = {isa = PBXFileReference; explicitFileType = wrapper.cfbundle; includeInIndex = 0; path = AICodeXTests.xctest; sourceTree = BUILT_PRODUCTS_DIR; };
		52E46F092E8A171300E8638A /* AICodeXTests.swift */ = {isa = PBXFileReference; lastKnownFileType = sourcecode.swift; path = AICodeXTests.swift; sourceTree = "<group>"; };
		52E46F0F2E8A171300E8638A /* AICodeXUITests.xctest */ = {isa = PBXFileReference; explicitFileType = wrapper.cfbundle; includeInIndex = 0; path = AICodeXUITests.xctest; sourceTree = BUILT_PRODUCTS_DIR; };
		52E46F132E8A171300E8638A /* AICodeXUITests.swift */ = {isa = PBXFileReference; lastKnownFileType = sourcecode.swift; path = AICodeXUITests.swift; sourceTree = "<group>"; };
		52E46F152E8A171300E8638A /* AICodeXUITestsLaunchTests.swift */ = {isa = PBXFileReference; lastKnownFileType = sourcecode.swift; path = AICodeXUITestsLaunchTests.swift; sourceTree = "<group>"; };
		52E46F242E8A172E00E8638A /* ComponentLibraryHomeView.swift */ = {isa = PBXFileReference; fileEncoding = 4; lastKnownFileType = sourcecode.swift; path = ComponentLibraryHomeView.swift; sourceTree = "<group>"; };
/* End PBXFileReference section */

/* Begin PBXFrameworksBuildPhase section */
		52E46EF22E8A170B00E8638A /* Frameworks */ = {
			isa = PBXFrameworksBuildPhase;
			buildActionMask = 2147483647;
			files = (
			);
			runOnlyForDeploymentPostprocessing = 0;
		};
		52E46F022E8A171300E8638A /* Frameworks */ = {
			isa = PBXFrameworksBuildPhase;
			buildActionMask = 2147483647;
			files = (
			);
			runOnlyForDeploymentPostprocessing = 0;
		};
		52E46F0C2E8A171300E8638A /* Frameworks */ = {
			isa = PBXFrameworksBuildPhase;
			buildActionMask = 2147483647;
			files = (
			);
			runOnlyForDeploymentPostprocessing = 0;
		};
/* End PBXFrameworksBuildPhase section */

/* Begin PBXGroup section */
		52E46EEC2E8A170B00E8638A = {
			isa = PBXGroup;
			children = (
				52E46F222E8A172E00E8638A /* Sources */,
				52E46EF72E8A170B00E8638A /* AICodeX */,
				52E46F082E8A171300E8638A /* AICodeXTests */,
				52E46F122E8A171300E8638A /* AICodeXUITests */,
				52E46EF62E8A170B00E8638A /* Products */,
			);
			sourceTree = "<group>";
		};
		52E46EF62E8A170B00E8638A /* Products */ = {
			isa = PBXGroup;
			children = (
				52E46EF52E8A170B00E8638A /* AICodeX.app */,
				52E46F052E8A171300E8638A /* AICodeXTests.xctest */,
				52E46F0F2E8A171300E8638A /* AICodeXUITests.xctest */,
			);
			name = Products;
			sourceTree = "<group>";
		};
		52E46EF72E8A170B00E8638A /* AICodeX */ = {
			isa = PBXGroup;
			children = (
				52E46EF82E8A170B00E8638A /* AICodeXApp.swift */,
				52E46EFA2E8A170B00E8638A /* ContentView.swift */,
				52E46EFC2E8A171200E8638A /* Assets.xcassets */,
				52E46EFE2E8A171200E8638A /* Preview Content */,
			);
			path = AICodeX;
			sourceTree = "<group>";
		};
		52E46EFE2E8A171200E8638A /* Preview Content */ = {
			isa = PBXGroup;
			children = (
				52E46EFF2E8A171200E8638A /* Preview Assets.xcassets */,
			);
			path = "Preview Content";
			sourceTree = "<group>";
		};
		52E46F082E8A171300E8638A /* AICodeXTests */ = {
			isa = PBXGroup;
			children = (
				52E46F092E8A171300E8638A /* AICodeXTests.swift */,
			);
			path = AICodeXTests;
			sourceTree = "<group>";
		};
		52E46F122E8A171300E8638A /* AICodeXUITests */ = {
			isa = PBXGroup;
			children = (
				52E46F132E8A171300E8638A /* AICodeXUITests.swift */,
				52E46F152E8A171300E8638A /* AICodeXUITestsLaunchTests.swift */,
			);
			path = AICodeXUITests;
			sourceTree = "<group>";
		};
		52E46F222E8A172E00E8638A /* Sources */ = {
			isa = PBXGroup;
			children = (
				52E46F232E8A172E00E8638A /* ComponentLibraryUI */,
			);
			name = Sources;
			path = ../Sources;
			sourceTree = "<group>";
		};
		52E46F232E8A172E00E8638A /* ComponentLibraryUI */ = {
			isa = PBXGroup;
			children = (
				52E46F242E8A172E00E8638A /* ComponentLibraryHomeView.swift */,
			);
			path = ComponentLibraryUI;
			sourceTree = "<group>";
		};
/* End PBXGroup section */

/* Begin PBXNativeTarget section */
		52E46EF42E8A170B00E8638A /* AICodeX */ = {
			isa = PBXNativeTarget;
			buildConfigurationList = 52E46F192E8A171300E8638A /* Build configuration list for PBXNativeTarget "AICodeX" */;
			buildPhases = (
				52E46EF12E8A170B00E8638A /* Sources */,
				52E46EF22E8A170B00E8638A /* Frameworks */,
				52E46EF32E8A170B00E8638A /* Resources */,
			);
			buildRules = (
			);
			dependencies = (
			);
			name = AICodeX;
			productName = AICodeX;
			productReference = 52E46EF52E8A170B00E8638A /* AICodeX.app */;
			productType = "com.apple.product-type.application";
		};
		52E46F042E8A171300E8638A /* AICodeXTests */ = {
			isa = PBXNativeTarget;
			buildConfigurationList = 52E46F1C2E8A171300E8638A /* Build configuration list for PBXNativeTarget "AICodeXTests" */;
			buildPhases = (
				52E46F012E8A171300E8638A /* Sources */,
				52E46F022E8A171300E8638A /* Frameworks */,
				52E46F032E8A171300E8638A /* Resources */,
			);
			buildRules = (
			);
			dependencies = (
				52E46F072E8A171300E8638A /* PBXTargetDependency */,
			);
			name = AICodeXTests;
			productName = AICodeXTests;
			productReference = 52E46F052E8A171300E8638A /* AICodeXTests.xctest */;
			productType = "com.apple.product-type.bundle.unit-test";
		};
		52E46F0E2E8A171300E8638A /* AICodeXUITests */ = {
			isa = PBXNativeTarget;
			buildConfigurationList = 52E46F1F2E8A171300E8638A /* Build configuration list for PBXNativeTarget "AICodeXUITests" */;
			buildPhases = (
				52E46F0B2E8A171300E8638A /* Sources */,
				52E46F0C2E8A171300E8638A /* Frameworks */,
				52E46F0D2E8A171300E8638A /* Resources */,
			);
			buildRules = (
			);
			dependencies = (
				52E46F112E8A171300E8638A /* PBXTargetDependency */,
			);
			name = AICodeXUITests;
			productName = AICodeXUITests;
			productReference = 52E46F0F2E8A171300E8638A /* AICodeXUITests.xctest */;
			productType = "com.apple.product-type.bundle.ui-testing";
		};
/* End PBXNativeTarget section */

/* Begin PBXProject section */
		52E46EED2E8A170B00E8638A /* Project object */ = {
			isa = PBXProject;
			attributes = {
				BuildIndependentTargetsInParallel = 1;
				LastSwiftUpdateCheck = 1400;
				LastUpgradeCheck = 1400;
				TargetAttributes = {
					52E46EF42E8A170B00E8638A = {
						CreatedOnToolsVersion = 14.0.1;
					};
					52E46F042E8A171300E8638A = {
						CreatedOnToolsVersion = 14.0.1;
						TestTargetID = 52E46EF42E8A170B00E8638A;
					};
					52E46F0E2E8A171300E8638A = {
						CreatedOnToolsVersion = 14.0.1;
						TestTargetID = 52E46EF42E8A170B00E8638A;
					};
				};
			};
			buildConfigurationList = 52E46EF02E8A170B00E8638A /* Build configuration list for PBXProject "AICodeX" */;
			compatibilityVersion = "Xcode 14.0";
			developmentRegion = en;
			hasScannedForEncodings = 0;
			knownRegions = (
				en,
				Base,
			);
			mainGroup = 52E46EEC2E8A170B00E8638A;
			productRefGroup = 52E46EF62E8A170B00E8638A /* Products */;
			projectDirPath = "";
			projectRoot = "";
			targets = (
				52E46EF42E8A170B00E8638A /* AICodeX */,
				52E46F042E8A171300E8638A /* AICodeXTests */,
				52E46F0E2E8A171300E8638A /* AICodeXUITests */,
			);
		};
/* End PBXProject section */

/* Begin PBXResourcesBuildPhase section */
		52E46EF32E8A170B00E8638A /* Resources */ = {
			isa = PBXResourcesBuildPhase;
			buildActionMask = 2147483647;
			files = (
				52E46F002E8A171200E8638A /* Preview Assets.xcassets in Resources */,
				52E46EFD2E8A171200E8638A /* Assets.xcassets in Resources */,
			);
			runOnlyForDeploymentPostprocessing = 0;
		};
		52E46F032E8A171300E8638A /* Resources */ = {
			isa = PBXResourcesBuildPhase;
			buildActionMask = 2147483647;
			files = (
			);
			runOnlyForDeploymentPostprocessing = 0;
		};
		52E46F0D2E8A171300E8638A /* Resources */ = {
			isa = PBXResourcesBuildPhase;
			buildActionMask = 2147483647;
			files = (
			);
			runOnlyForDeploymentPostprocessing = 0;
		};
/* End PBXResourcesBuildPhase section */

/* Begin PBXSourcesBuildPhase section */
		52E46EF12E8A170B00E8638A /* Sources */ = {
			isa = PBXSourcesBuildPhase;
			buildActionMask = 2147483647;
			files = (
				52E46EFB2E8A170B00E8638A /* ContentView.swift in Sources */,
				52E46F252E8A172E00E8638A /* ComponentLibraryHomeView.swift in Sources */,
				52E46EF92E8A170B00E8638A /* AICodeXApp.swift in Sources */,
			);
			runOnlyForDeploymentPostprocessing = 0;
		};
		52E46F012E8A171300E8638A /* Sources */ = {
			isa = PBXSourcesBuildPhase;
			buildActionMask = 2147483647;
			files = (
				52E46F0A2E8A171300E8638A /* AICodeXTests.swift in Sources */,
			);
			runOnlyForDeploymentPostprocessing = 0;
		};
		52E46F0B2E8A171300E8638A /* Sources */ = {
			isa = PBXSourcesBuildPhase;
			buildActionMask = 2147483647;
			files = (
				52E46F162E8A171300E8638A /* AICodeXUITestsLaunchTests.swift in Sources */,
				52E46F142E8A171300E8638A /* AICodeXUITests.swift in Sources */,
			);
			runOnlyForDeploymentPostprocessing = 0;
		};
/* End PBXSourcesBuildPhase section */

/* Begin PBXTargetDependency section */
		52E46F072E8A171300E8638A /* PBXTargetDependency */ = {
			isa = PBXTargetDependency;
			target = 52E46EF42E8A170B00E8638A /* AICodeX */;
			targetProxy = 52E46F062E8A171300E8638A /* PBXContainerItemProxy */;
		};
		52E46F112E8A171300E8638A /* PBXTargetDependency */ = {
			isa = PBXTargetDependency;
			target = 52E46EF42E8A170B00E8638A /* AICodeX */;
			targetProxy = 52E46F102E8A171300E8638A /* PBXContainerItemProxy */;
		};
/* End PBXTargetDependency section */

/* Begin XCBuildConfiguration section */
		52E46F172E8A171300E8638A /* Debug */ = {
			isa = XCBuildConfiguration;
			buildSettings = {
				ALWAYS_SEARCH_USER_PATHS = NO;
				CLANG_ANALYZER_NONNULL = YES;
				CLANG_ANALYZER_NUMBER_OBJECT_CONVERSION = YES_AGGRESSIVE;
				CLANG_CXX_LANGUAGE_STANDARD = "gnu++20";
				CLANG_ENABLE_MODULES = YES;
				CLANG_ENABLE_OBJC_ARC = YES;
				CLANG_ENABLE_OBJC_WEAK = YES;
				CLANG_WARN_BLOCK_CAPTURE_AUTORELEASING = YES;
				CLANG_WARN_BOOL_CONVERSION = YES;
				CLANG_WARN_COMMA = YES;
				CLANG_WARN_CONSTANT_CONVERSION = YES;
				CLANG_WARN_DEPRECATED_OBJC_IMPLEMENTATIONS = YES;
				CLANG_WARN_DIRECT_OBJC_ISA_USAGE = YES_ERROR;
				CLANG_WARN_DOCUMENTATION_COMMENTS = YES;
				CLANG_WARN_EMPTY_BODY = YES;
				CLANG_WARN_ENUM_CONVERSION = YES;
				CLANG_WARN_INFINITE_RECURSION = YES;
				CLANG_WARN_INT_CONVERSION = YES;
				CLANG_WARN_NON_LITERAL_NULL_CONVERSION = YES;
				CLANG_WARN_OBJC_IMPLICIT_RETAIN_SELF = YES;
				CLANG_WARN_OBJC_LITERAL_CONVERSION = YES;
				CLANG_WARN_OBJC_ROOT_CLASS = YES_ERROR;
				CLANG_WARN_QUOTED_INCLUDE_IN_FRAMEWORK_HEADER = YES;
				CLANG_WARN_RANGE_LOOP_ANALYSIS = YES;
				CLANG_WARN_STRICT_PROTOTYPES = YES;
				CLANG_WARN_SUSPICIOUS_MOVE = YES;
				CLANG_WARN_UNGUARDED_AVAILABILITY = YES_AGGRESSIVE;
				CLANG_WARN_UNREACHABLE_CODE = YES;
				CLANG_WARN__DUPLICATE_METHOD_MATCH = YES;
				COPY_PHASE_STRIP = NO;
				DEBUG_INFORMATION_FORMAT = dwarf;
				ENABLE_STRICT_OBJC_MSGSEND = YES;
				ENABLE_TESTABILITY = YES;
				GCC_C_LANGUAGE_STANDARD = gnu11;
				GCC_DYNAMIC_NO_PIC = NO;
				GCC_NO_COMMON_BLOCKS = YES;
				GCC_OPTIMIZATION_LEVEL = 0;
				GCC_PREPROCESSOR_DEFINITIONS = (
					"DEBUG=1",
					"$(inherited)",
				);
				GCC_WARN_64_TO_32_BIT_CONVERSION = YES;
				GCC_WARN_ABOUT_RETURN_TYPE = YES_ERROR;
				GCC_WARN_UNDECLARED_SELECTOR = YES;
				GCC_WARN_UNINITIALIZED_AUTOS = YES_AGGRESSIVE;
				GCC_WARN_UNUSED_FUNCTION = YES;
				GCC_WARN_UNUSED_VARIABLE = YES;
				IPHONEOS_DEPLOYMENT_TARGET = 16.0;
				MTL_ENABLE_DEBUG_INFO = INCLUDE_SOURCE;
				MTL_FAST_MATH = YES;
				ONLY_ACTIVE_ARCH = YES;
				SDKROOT = iphoneos;
				SWIFT_ACTIVE_COMPILATION_CONDITIONS = DEBUG;
				SWIFT_OPTIMIZATION_LEVEL = "-Onone";
			};
			name = Debug;
		};
		52E46F182E8A171300E8638A /* Release */ = {
			isa = XCBuildConfiguration;
			buildSettings = {
				ALWAYS_SEARCH_USER_PATHS = NO;
				CLANG_ANALYZER_NONNULL = YES;
				CLANG_ANALYZER_NUMBER_OBJECT_CONVERSION = YES_AGGRESSIVE;
				CLANG_CXX_LANGUAGE_STANDARD = "gnu++20";
				CLANG_ENABLE_MODULES = YES;
				CLANG_ENABLE_OBJC_ARC = YES;
				CLANG_ENABLE_OBJC_WEAK = YES;
				CLANG_WARN_BLOCK_CAPTURE_AUTORELEASING = YES;
				CLANG_WARN_BOOL_CONVERSION = YES;
				CLANG_WARN_COMMA = YES;
				CLANG_WARN_CONSTANT_CONVERSION = YES;
				CLANG_WARN_DEPRECATED_OBJC_IMPLEMENTATIONS = YES;
				CLANG_WARN_DIRECT_OBJC_ISA_USAGE = YES_ERROR;
				CLANG_WARN_DOCUMENTATION_COMMENTS = YES;
				CLANG_WARN_EMPTY_BODY = YES;
				CLANG_WARN_ENUM_CONVERSION = YES;
				CLANG_WARN_INFINITE_RECURSION = YES;
				CLANG_WARN_INT_CONVERSION = YES;
				CLANG_WARN_NON_LITERAL_NULL_CONVERSION = YES;
				CLANG_WARN_OBJC_IMPLICIT_RETAIN_SELF = YES;
				CLANG_WARN_OBJC_LITERAL_CONVERSION = YES;
				CLANG_WARN_OBJC_ROOT_CLASS = YES_ERROR;
				CLANG_WARN_QUOTED_INCLUDE_IN_FRAMEWORK_HEADER = YES;
				CLANG_WARN_RANGE_LOOP_ANALYSIS = YES;
				CLANG_WARN_STRICT_PROTOTYPES = YES;
				CLANG_WARN_SUSPICIOUS_MOVE = YES;
				CLANG_WARN_UNGUARDED_AVAILABILITY = YES_AGGRESSIVE;
				CLANG_WARN_UNREACHABLE_CODE = YES;
				CLANG_WARN__DUPLICATE_METHOD_MATCH = YES;
				COPY_PHASE_STRIP = NO;
				DEBUG_INFORMATION_FORMAT = "dwarf-with-dsym";
				ENABLE_NS_ASSERTIONS = NO;
				ENABLE_STRICT_OBJC_MSGSEND = YES;
				GCC_C_LANGUAGE_STANDARD = gnu11;
				GCC_NO_COMMON_BLOCKS = YES;
				GCC_WARN_64_TO_32_BIT_CONVERSION = YES;
				GCC_WARN_ABOUT_RETURN_TYPE = YES_ERROR;
				GCC_WARN_UNDECLARED_SELECTOR = YES;
				GCC_WARN_UNINITIALIZED_AUTOS = YES_AGGRESSIVE;
				GCC_WARN_UNUSED_FUNCTION = YES;
				GCC_WARN_UNUSED_VARIABLE = YES;
				IPHONEOS_DEPLOYMENT_TARGET = 16.0;
				MTL_ENABLE_DEBUG_INFO = NO;
				MTL_FAST_MATH = YES;
				SDKROOT = iphoneos;
				SWIFT_COMPILATION_MODE = wholemodule;
				SWIFT_OPTIMIZATION_LEVEL = "-O";
				VALIDATE_PRODUCT = YES;
			};
			name = Release;
		};
		52E46F1A2E8A171300E8638A /* Debug */ = {
			isa = XCBuildConfiguration;
			buildSettings = {
				ASSETCATALOG_COMPILER_APPICON_NAME = AppIcon;
				ASSETCATALOG_COMPILER_GLOBAL_ACCENT_COLOR_NAME = AccentColor;
				CODE_SIGN_STYLE = Automatic;
				CURRENT_PROJECT_VERSION = 1;
				DEVELOPMENT_ASSET_PATHS = "\"AICodeX/Preview Content\"";
				ENABLE_PREVIEWS = YES;
				GENERATE_INFOPLIST_FILE = YES;
				INFOPLIST_KEY_UIApplicationSceneManifest_Generation = YES;
				INFOPLIST_KEY_UIApplicationSupportsIndirectInputEvents = YES;
				INFOPLIST_KEY_UILaunchScreen_Generation = YES;
				INFOPLIST_KEY_UISupportedInterfaceOrientations_iPad = "UIInterfaceOrientationPortrait UIInterfaceOrientationPortraitUpsideDown UIInterfaceOrientationLandscapeLeft UIInterfaceOrientationLandscapeRight";
				INFOPLIST_KEY_UISupportedInterfaceOrientations_iPhone = "UIInterfaceOrientationPortrait UIInterfaceOrientationLandscapeLeft UIInterfaceOrientationLandscapeRight";
				LD_RUNPATH_SEARCH_PATHS = (
					"$(inherited)",
					"@executable_path/Frameworks",
				);
				MARKETING_VERSION = 1.0;
				PRODUCT_BUNDLE_IDENTIFIER = Shicy.AICodeX;
				PRODUCT_NAME = "$(TARGET_NAME)";
				SWIFT_EMIT_LOC_STRINGS = YES;
				SWIFT_VERSION = 5.0;
				TARGETED_DEVICE_FAMILY = "1,2";
			};
			name = Debug;
		};
		52E46F1B2E8A171300E8638A /* Release */ = {
			isa = XCBuildConfiguration;
			buildSettings = {
				ASSETCATALOG_COMPILER_APPICON_NAME = AppIcon;
				ASSETCATALOG_COMPILER_GLOBAL_ACCENT_COLOR_NAME = AccentColor;
				CODE_SIGN_STYLE = Automatic;
				CURRENT_PROJECT_VERSION = 1;
				DEVELOPMENT_ASSET_PATHS = "\"AICodeX/Preview Content\"";
				ENABLE_PREVIEWS = YES;
				GENERATE_INFOPLIST_FILE = YES;
				INFOPLIST_KEY_UIApplicationSceneManifest_Generation = YES;
				INFOPLIST_KEY_UIApplicationSupportsIndirectInputEvents = YES;
				INFOPLIST_KEY_UILaunchScreen_Generation = YES;
				INFOPLIST_KEY_UISupportedInterfaceOrientations_iPad = "UIInterfaceOrientationPortrait UIInterfaceOrientationPortraitUpsideDown UIInterfaceOrientationLandscapeLeft UIInterfaceOrientationLandscapeRight";
				INFOPLIST_KEY_UISupportedInterfaceOrientations_iPhone = "UIInterfaceOrientationPortrait UIInterfaceOrientationLandscapeLeft UIInterfaceOrientationLandscapeRight";
				LD_RUNPATH_SEARCH_PATHS = (
					"$(inherited)",
					"@executable_path/Frameworks",
				);
				MARKETING_VERSION = 1.0;
				PRODUCT_BUNDLE_IDENTIFIER = Shicy.AICodeX;
				PRODUCT_NAME = "$(TARGET_NAME)";
				SWIFT_EMIT_LOC_STRINGS = YES;
				SWIFT_VERSION = 5.0;
				TARGETED_DEVICE_FAMILY = "1,2";
			};
			name = Release;
		};
		52E46F1D2E8A171300E8638A /* Debug */ = {
			isa = XCBuildConfiguration;
			buildSettings = {
				ALWAYS_EMBED_SWIFT_STANDARD_LIBRARIES = YES;
				BUNDLE_LOADER = "$(TEST_HOST)";
				CODE_SIGN_STYLE = Automatic;
				CURRENT_PROJECT_VERSION = 1;
				GENERATE_INFOPLIST_FILE = YES;
				IPHONEOS_DEPLOYMENT_TARGET = 16.0;
				MARKETING_VERSION = 1.0;
				PRODUCT_BUNDLE_IDENTIFIER = Shicy.AICodeXTests;
				PRODUCT_NAME = "$(TARGET_NAME)";
				SWIFT_EMIT_LOC_STRINGS = NO;
				SWIFT_VERSION = 5.0;
				TARGETED_DEVICE_FAMILY = "1,2";
				TEST_HOST = "$(BUILT_PRODUCTS_DIR)/AICodeX.app/$(BUNDLE_EXECUTABLE_FOLDER_PATH)/AICodeX";
			};
			name = Debug;
		};
		52E46F1E2E8A171300E8638A /* Release */ = {
			isa = XCBuildConfiguration;
			buildSettings = {
				ALWAYS_EMBED_SWIFT_STANDARD_LIBRARIES = YES;
				BUNDLE_LOADER = "$(TEST_HOST)";
				CODE_SIGN_STYLE = Automatic;
				CURRENT_PROJECT_VERSION = 1;
				GENERATE_INFOPLIST_FILE = YES;
				IPHONEOS_DEPLOYMENT_TARGET = 16.0;
				MARKETING_VERSION = 1.0;
				PRODUCT_BUNDLE_IDENTIFIER = Shicy.AICodeXTests;
				PRODUCT_NAME = "$(TARGET_NAME)";
				SWIFT_EMIT_LOC_STRINGS = NO;
				SWIFT_VERSION = 5.0;
				TARGETED_DEVICE_FAMILY = "1,2";
				TEST_HOST = "$(BUILT_PRODUCTS_DIR)/AICodeX.app/$(BUNDLE_EXECUTABLE_FOLDER_PATH)/AICodeX";
			};
			name = Release;
		};
		52E46F202E8A171300E8638A /* Debug */ = {
			isa = XCBuildConfiguration;
			buildSettings = {
				ALWAYS_EMBED_SWIFT_STANDARD_LIBRARIES = YES;
				CODE_SIGN_STYLE = Automatic;
				CURRENT_PROJECT_VERSION = 1;
				GENERATE_INFOPLIST_FILE = YES;
				MARKETING_VERSION = 1.0;
				PRODUCT_BUNDLE_IDENTIFIER = Shicy.AICodeXUITests;
				PRODUCT_NAME = "$(TARGET_NAME)";
				SWIFT_EMIT_LOC_STRINGS = NO;
				SWIFT_VERSION = 5.0;
				TARGETED_DEVICE_FAMILY = "1,2";
				TEST_TARGET_NAME = AICodeX;
			};
			name = Debug;
		};
		52E46F212E8A171300E8638A /* Release */ = {
			isa = XCBuildConfiguration;
			buildSettings = {
				ALWAYS_EMBED_SWIFT_STANDARD_LIBRARIES = YES;
				CODE_SIGN_STYLE = Automatic;
				CURRENT_PROJECT_VERSION = 1;
				GENERATE_INFOPLIST_FILE = YES;
				MARKETING_VERSION = 1.0;
				PRODUCT_BUNDLE_IDENTIFIER = Shicy.AICodeXUITests;
				PRODUCT_NAME = "$(TARGET_NAME)";
				SWIFT_EMIT_LOC_STRINGS = NO;
				SWIFT_VERSION = 5.0;
				TARGETED_DEVICE_FAMILY = "1,2";
				TEST_TARGET_NAME = AICodeX;
			};
			name = Release;
		};
/* End XCBuildConfiguration section */

/* Begin XCConfigurationList section */
		52E46EF02E8A170B00E8638A /* Build configuration list for PBXProject "AICodeX" */ = {
			isa = XCConfigurationList;
			buildConfigurations = (
				52E46F172E8A171300E8638A /* Debug */,
				52E46F182E8A171300E8638A /* Release */,
			);
			defaultConfigurationIsVisible = 0;
			defaultConfigurationName = Release;
		};
		52E46F192E8A171300E8638A /* Build configuration list for PBXNativeTarget "AICodeX" */ = {
			isa = XCConfigurationList;
			buildConfigurations = (
				52E46F1A2E8A171300E8638A /* Debug */,
				52E46F1B2E8A171300E8638A /* Release */,
			);
			defaultConfigurationIsVisible = 0;
			defaultConfigurationName = Release;
		};
		52E46F1C2E8A171300E8638A /* Build configuration list for PBXNativeTarget "AICodeXTests" */ = {
			isa = XCConfigurationList;
			buildConfigurations = (
				52E46F1D2E8A171300E8638A /* Debug */,
				52E46F1E2E8A171300E8638A /* Release */,
			);
			defaultConfigurationIsVisible = 0;
			defaultConfigurationName = Release;
		};
		52E46F1F2E8A171300E8638A /* Build configuration list for PBXNativeTarget "AICodeXUITests" */ = {
			isa = XCConfigurationList;
			buildConfigurations = (
				52E46F202E8A171300E8638A /* Debug */,
				52E46F212E8A171300E8638A /* Release */,
			);
			defaultConfigurationIsVisible = 0;
			defaultConfigurationName = Release;
		};
/* End XCConfigurationList section */
	};
	rootObject = 52E46EED2E8A170B00E8638A /* Project object */;
}
